dependencies:
- name: redis
  repository: https://charts.bitnami.com/bitnami
  version: 16.8.5
- name: postgresql
  repository: https://charts.bitnami.com/bitnami
  version: 11.1.19
digest: sha256:cfddb01324537ad385deffff24b80490ad7f0ec760d31c024a19d095c8477c94
generated: "2022-04-10T16:35:52.176581625+02:00"
